
Microsoft Visual Studio Solution File, Format Version 12.00
# Visual Studio Version 16
VisualStudioVersion = 16.0.29503.13
MinimumVisualStudioVersion = 10.0.40219.1
Project("{9A19103F-16F7-4668-BE54-9A1E7A4F7556}") = "libsignal-metadata-dotnet", "libsignal-metadata-dotnet\libsignal-metadata-dotnet.csproj", "{B68B96E7-91C7-48E0-A21C-A64F4AE40D42}"
EndProject
Project("{FAE04EC0-301F-11D3-BF4B-00C04F79EFBC}") = "libsignal-metadata-dotnet-tests", "libsignal-metadata-dotnet-tests\libsignal-metadata-dotnet-tests.csproj", "{D35E1A8E-D864-42D4-9669-B33C61DF6332}"
EndProject
Global
	GlobalSection(SolutionConfigurationPlatforms) = preSolution
		Debug|Any CPU = Debug|Any CPU
		Release|Any CPU = Release|Any CPU
	EndGlobalSection
	GlobalSection(ProjectConfigurationPlatforms) = postSolution
		{B68B96E7-91C7-48E0-A21C-A64F4AE40D42}.Debug|Any CPU.ActiveCfg = Debug|Any CPU
		{B68B96E7-91C7-48E0-A21C-A64F4AE40D42}.Debug|Any CPU.Build.0 = Debug|Any CPU
		{B68B96E7-91C7-48E0-A21C-A64F4AE40D42}.Release|Any CPU.ActiveCfg = Release|Any CPU
		{B68B96E7-91C7-48E0-A21C-A64F4AE40D42}.Release|Any CPU.Build.0 = Release|Any CPU
		{D35E1A8E-D864-42D4-9669-B33C61DF6332}.Debug|Any CPU.ActiveCfg = Debug|Any CPU
		{D35E1A8E-D864-42D4-9669-B33C61DF6332}.Debug|Any CPU.Build.0 = Debug|Any CPU
		{D35E1A8E-D864-42D4-9669-B33C61DF6332}.Release|Any CPU.ActiveCfg = Release|Any CPU
		{D35E1A8E-D864-42D4-9669-B33C61DF6332}.Release|Any CPU.Build.0 = Release|Any CPU
	EndGlobalSection
	GlobalSection(SolutionProperties) = preSolution
		HideSolutionNode = FALSE
	EndGlobalSection
	GlobalSection(ExtensibilityGlobals) = postSolution
		SolutionGuid = {CF4D94F6-FA42-4665-9CC2-DC9BF0BC1513}
	EndGlobalSection
EndGlobal
